
Microsoft Visual Studio Solution File, Format Version 12.00
# Visual Studio Version 16
VisualStudioVersion = 16.0.31829.152
MinimumVisualStudioVersion = 10.0.40219.1
Project("{FAE04EC0-301F-11D3-BF4B-00C04F79EFBC}") = "AlgFloydSteinberg", "AlgFloydSteinberg\AlgFloydSteinberg.csproj", "{B50F44CE-55B7-45C7-9843-9B494140AF51}"
	ProjectSection(ProjectDependencies) = postProject
		{9BADF054-169C-444B-99CA-E54153792AB3} = {9BADF054-169C-444B-99CA-E54153792AB3}
		{0330C6F4-D0A6-4BA0-B4FE-06B295CF1AE3} = {0330C6F4-D0A6-4BA0-B4FE-06B295CF1AE3}
	EndProjectSection
EndProject
Project("{8BC9CEB8-8B4A-11D0-8D11-00A0C91BC942}") = "AlgFloydSteinbergAsm", "AlgFloydSteinbergAsm\AlgFloydSteinbergAsm.vcxproj", "{0330C6F4-D0A6-4BA0-B4FE-06B295CF1AE3}"
EndProject
Project("{FAE04EC0-301F-11D3-BF4B-00C04F79EFBC}") = "AlgFloydSteingergCs", "AlgFloydSteingergCs\AlgFloydSteingergCs.csproj", "{9BADF054-169C-444B-99CA-E54153792AB3}"
EndProject
Global
	GlobalSection(SolutionConfigurationPlatforms) = preSolution
		Debug|Any CPU = Debug|Any CPU
		Debug|x64 = Debug|x64
		Debug|x86 = Debug|x86
		Release|Any CPU = Release|Any CPU
		Release|x64 = Release|x64
		Release|x86 = Release|x86
	EndGlobalSection
	GlobalSection(ProjectConfigurationPlatforms) = postSolution
		{B50F44CE-55B7-45C7-9843-9B494140AF51}.Debug|Any CPU.ActiveCfg = Debug|Any CPU
		{B50F44CE-55B7-45C7-9843-9B494140AF51}.Debug|Any CPU.Build.0 = Debug|Any CPU
		{B50F44CE-55B7-45C7-9843-9B494140AF51}.Debug|x64.ActiveCfg = Debug|x64
		{B50F44CE-55B7-45C7-9843-9B494140AF51}.Debug|x64.Build.0 = Debug|x64
		{B50F44CE-55B7-45C7-9843-9B494140AF51}.Debug|x86.ActiveCfg = Debug|Any CPU
		{B50F44CE-55B7-45C7-9843-9B494140AF51}.Debug|x86.Build.0 = Debug|Any CPU
		{B50F44CE-55B7-45C7-9843-9B494140AF51}.Release|Any CPU.ActiveCfg = Release|Any CPU
		{B50F44CE-55B7-45C7-9843-9B494140AF51}.Release|Any CPU.Build.0 = Release|Any CPU
		{B50F44CE-55B7-45C7-9843-9B494140AF51}.Release|x64.ActiveCfg = Release|x64
		{B50F44CE-55B7-45C7-9843-9B494140AF51}.Release|x64.Build.0 = Release|x64
		{B50F44CE-55B7-45C7-9843-9B494140AF51}.Release|x86.ActiveCfg = Release|Any CPU
		{B50F44CE-55B7-45C7-9843-9B494140AF51}.Release|x86.Build.0 = Release|Any CPU
		{0330C6F4-D0A6-4BA0-B4FE-06B295CF1AE3}.Debug|Any CPU.ActiveCfg = Debug|Win32
		{0330C6F4-D0A6-4BA0-B4FE-06B295CF1AE3}.Debug|x64.ActiveCfg = Debug|x64
		{0330C6F4-D0A6-4BA0-B4FE-06B295CF1AE3}.Debug|x64.Build.0 = Debug|x64
		{0330C6F4-D0A6-4BA0-B4FE-06B295CF1AE3}.Debug|x86.ActiveCfg = Debug|Win32
		{0330C6F4-D0A6-4BA0-B4FE-06B295CF1AE3}.Debug|x86.Build.0 = Debug|Win32
		{0330C6F4-D0A6-4BA0-B4FE-06B295CF1AE3}.Release|Any CPU.ActiveCfg = Release|Win32
		{0330C6F4-D0A6-4BA0-B4FE-06B295CF1AE3}.Release|x64.ActiveCfg = Release|x64
		{0330C6F4-D0A6-4BA0-B4FE-06B295CF1AE3}.Release|x64.Build.0 = Release|x64
		{0330C6F4-D0A6-4BA0-B4FE-06B295CF1AE3}.Release|x86.ActiveCfg = Release|Win32
		{0330C6F4-D0A6-4BA0-B4FE-06B295CF1AE3}.Release|x86.Build.0 = Release|Win32
		{9BADF054-169C-444B-99CA-E54153792AB3}.Debug|Any CPU.ActiveCfg = Debug|Any CPU
		{9BADF054-169C-444B-99CA-E54153792AB3}.Debug|Any CPU.Build.0 = Debug|Any CPU
		{9BADF054-169C-444B-99CA-E54153792AB3}.Debug|x64.ActiveCfg = Debug|x64
		{9BADF054-169C-444B-99CA-E54153792AB3}.Debug|x64.Build.0 = Debug|x64
		{9BADF054-169C-444B-99CA-E54153792AB3}.Debug|x86.ActiveCfg = Debug|Any CPU
		{9BADF054-169C-444B-99CA-E54153792AB3}.Debug|x86.Build.0 = Debug|Any CPU
		{9BADF054-169C-444B-99CA-E54153792AB3}.Release|Any CPU.ActiveCfg = Release|Any CPU
		{9BADF054-169C-444B-99CA-E54153792AB3}.Release|Any CPU.Build.0 = Release|Any CPU
		{9BADF054-169C-444B-99CA-E54153792AB3}.Release|x64.ActiveCfg = Release|x64
		{9BADF054-169C-444B-99CA-E54153792AB3}.Release|x64.Build.0 = Release|x64
		{9BADF054-169C-444B-99CA-E54153792AB3}.Release|x86.ActiveCfg = Release|Any CPU
		{9BADF054-169C-444B-99CA-E54153792AB3}.Release|x86.Build.0 = Release|Any CPU
	EndGlobalSection
	GlobalSection(SolutionProperties) = preSolution
		HideSolutionNode = FALSE
	EndGlobalSection
	GlobalSection(ExtensibilityGlobals) = postSolution
		SolutionGuid = {EC2E3852-865E-484B-810E-BDAFC13C0A8E}
	EndGlobalSection
EndGlobal
